{
  "name": "koinos-docs-examples",
  "version": "1.0.0",
  "lockfileVersion": 3,
  "requires": true,
  "packages": {
    "": {
      "name": "koinos-docs-examples",
      "version": "1.0.0",
      "workspaces": [
        "examples/javascript/*/*"
      ],
      "engines": {
        "node": ">=20"
      }
    },
    "examples/javascript/getting-started/network-provider": {
      "name": "@koinos-docs/getting-started-network-provider",
      "version": "1.0.0",
      "dependencies": {
        "koilib": "9.2.0"
      },
      "engines": {
        "node": ">=20"
      }
    },
    "examples/javascript/getting-started/read-koin-balance": {
      "name": "@koinos-docs/getting-started-read-koin-balance",
      "version": "1.0.0",
      "engines": {
        "node": ">=20"
      }
    },
    "examples/javascript/interacting/read-only-queries": {
      "name": "@koinos-docs/interacting-read-only-queries",
      "version": "1.0.0",
      "dependencies": {
        "koilib": "9.2.0"
      }
    },
    "examples/javascript/references/koilib-api-tour": {
      "name": "@koinos-docs/references-koilib-api-tour",
      "version": "1.0.0",
      "dependencies": {
        "koilib": "9.2.0"
      }
    },
    "examples/javascript/testnet/transaction-workflows": {
      "name": "@koinos-docs/testnet-transaction-workflows",
      "version": "1.0.0",
      "dependencies": {
        "koilib": "9.2.0"
      }
    },
    "node_modules/@koinos-docs/getting-started-network-provider": {
      "resolved": "examples/javascript/getting-started/network-provider",
      "link": true
    },
    "node_modules/@koinos-docs/getting-started-read-koin-balance": {
      "resolved": "examples/javascript/getting-started/read-koin-balance",
      "link": true
    },
    "node_modules/@koinos-docs/interacting-read-only-queries": {
      "resolved": "examples/javascript/interacting/read-only-queries",
      "link": true
    },
    "node_modules/@koinos-docs/references-koilib-api-tour": {
      "resolved": "examples/javascript/references/koilib-api-tour",
      "link": true
    },
    "node_modules/@koinos-docs/testnet-transaction-workflows": {
      "resolved": "examples/javascript/testnet/transaction-workflows",
      "link": true
    },
    "node_modules/@multiformats/base-x": {
      "version": "4.0.1",
      "resolved": "https://registry.npmjs.org/@multiformats/base-x/-/base-x-4.0.1.tgz",
      "integrity": "sha512-eMk0b9ReBbV23xXU693TAIrLyeO5iTgBZGSJfpqriG8UkYvr/hC9u9pyMlAakDNHWmbhMZCDs6KQO0jzKD8OTw==",
      "license": "MIT"
    },
    "node_modules/@noble/hashes": {
      "version": "1.8.0",
      "resolved": "https://registry.npmjs.org/@noble/hashes/-/hashes-1.8.0.tgz",
      "integrity": "sha512-jCs9ldd7NwzpgXDIf6P3+NrHh9/sD6CQdxHyjQI+h/6rDNo88ypBxxz45UDuZHz9r3tNz7N/VInSVoVdtXEI4A==",
      "license": "MIT",
      "engines": {
        "node": "^14.21.3 || >=16"
      },
      "funding": {
        "url": "https://paulmillr.com/funding/"
      }
    },
    "node_modules/@noble/secp256k1": {
      "version": "1.7.2",
      "resolved": "https://registry.npmjs.org/@noble/secp256k1/-/secp256k1-1.7.2.tgz",
      "integrity": "sha512-/qzwYl5eFLH8OWIecQWM31qld2g1NfjgylK+TNhqtaUKP37Nm+Y+z30Fjhw0Ct8p9yCQEm2N3W/AckdIb3SMcQ==",
      "funding": [
        {
          "type": "individual",
          "url": "https://paulmillr.com/funding/"
        }
      ],
      "license": "MIT"
    },
    "node_modules/@protobufjs/aspromise": {
      "version": "1.1.2",
      "resolved": "https://registry.npmjs.org/@protobufjs/aspromise/-/aspromise-1.1.2.tgz",
      "integrity": "sha512-j+gKExEuLmKwvz3OgROXtrJ2UG2x8Ch2YZUxahh+s1F2HZ+wAceUNLkvy6zKCPVRkU++ZWQrdxsUeQXmcg4uoQ==",
      "license": "BSD-3-Clause"
    },
    "node_modules/@protobufjs/base64": {
      "version": "1.1.2",
      "resolved": "https://registry.npmjs.org/@protobufjs/base64/-/base64-1.1.2.tgz",
      "integrity": "sha512-AZkcAA5vnN/v4PDqKyMR5lx7hZttPDgClv83E//FMNhR2TMcLUhfRUBHCmSl0oi9zMgDDqRUJkSxO3wm85+XLg==",
      "license": "BSD-3-Clause"
    },
    "node_modules/@protobufjs/codegen": {
      "version": "2.0.5",
      "resolved": "https://registry.npmjs.org/@protobufjs/codegen/-/codegen-2.0.5.tgz",
      "integrity": "sha512-zgXFLzW3Ap33e6d0Wlj4MGIm6Ce8O89n/apUaGNB/jx+hw+ruWEp7EwGUshdLKVRCxZW12fp9r40E1mQrf/34g==",
      "license": "BSD-3-Clause"
    },
    "node_modules/@protobufjs/eventemitter": {
      "version": "1.1.1",
      "resolved": "https://registry.npmjs.org/@protobufjs/eventemitter/-/eventemitter-1.1.1.tgz",
      "integrity": "sha512-vW1GmwMZNnL+gMRaovlh9yZX74kc+TTU3FObkkurpMaRtBfLP3ldjS9KQWlwZgraRE0+dheEEoAxdzcJQ8eXZg==",
      "license": "BSD-3-Clause"
    },
    "node_modules/@protobufjs/fetch": {
      "version": "1.1.1",
      "resolved": "https://registry.npmjs.org/@protobufjs/fetch/-/fetch-1.1.1.tgz",
      "integrity": "sha512-GpptLrs57adMSuHi3VNj0mAF8dwh36LMaYF6XyJ6JMWlVsc+t42tm1HSEDmOs3A8fC9yyeisgLhsTVQokOZ0zw==",
      "license": "BSD-3-Clause",
      "dependencies": {
        "@protobufjs/aspromise": "^1.1.1"
      }
    },
    "node_modules/@protobufjs/float": {
      "version": "1.0.2",
      "resolved": "https://registry.npmjs.org/@protobufjs/float/-/float-1.0.2.tgz",
      "integrity": "sha512-Ddb+kVXlXst9d+R9PfTIxh1EdNkgoRe5tOX6t01f1lYWOvJnSPDBlG241QLzcyPdoNTsblLUdujGSE4RzrTZGQ==",
      "license": "BSD-3-Clause"
    },
    "node_modules/@protobufjs/path": {
      "version": "1.1.2",
      "resolved": "https://registry.npmjs.org/@protobufjs/path/-/path-1.1.2.tgz",
      "integrity": "sha512-6JOcJ5Tm08dOHAbdR3GrvP+yUUfkjG5ePsHYczMFLq3ZmMkAD98cDgcT2iA1lJ9NVwFd4tH/iSSoe44YWkltEA==",
      "license": "BSD-3-Clause"
    },
    "node_modules/@protobufjs/pool": {
      "version": "1.1.0",
      "resolved": "https://registry.npmjs.org/@protobufjs/pool/-/pool-1.1.0.tgz",
      "integrity": "sha512-0kELaGSIDBKvcgS4zkjz1PeddatrjYcmMWOlAuAPwAeccUrPHdUqo/J6LiymHHEiJT5NrF1UVwxY14f+fy4WQw==",
      "license": "BSD-3-Clause"
    },
    "node_modules/@protobufjs/utf8": {
      "version": "1.1.2",
      "resolved": "https://registry.npmjs.org/@protobufjs/utf8/-/utf8-1.1.2.tgz",
      "integrity": "sha512-b1UQwcEZ4yCnMCD8DAL1VlbvBJE9/IX4FTIp7BG1xYpf29SLazLSrqUkj4w7Y5y7cCVP6E5tcqqcI0xemPkHug==",
      "license": "BSD-3-Clause"
    },
    "node_modules/@roamin/koinos-pb-to-proto": {
      "version": "0.0.3",
      "resolved": "https://registry.npmjs.org/@roamin/koinos-pb-to-proto/-/koinos-pb-to-proto-0.0.3.tgz",
      "integrity": "sha512-FR7hOtTM+COIMPBXpR6gc1HlJvFzioGgbAod9h7QAF527ACCF6xQG5mNyTSM65PrpbUVu/SA51O4Itp9BvZlTg==",
      "license": "MIT",
      "dependencies": {
        "google-protobuf": "^3.21.0"
      }
    },
    "node_modules/@types/node": {
      "version": "26.1.1",
      "resolved": "https://registry.npmjs.org/@types/node/-/node-26.1.1.tgz",
      "integrity": "sha512-nxAkRSVkN1Y0JC1W8ky/fTfkGsMmcrRsbx+3XoZE+rMOX71kLYTV7fLXpqud1GpbpP5TuffXFqfX7fH2GgZREw==",
      "license": "MIT",
      "dependencies": {
        "undici-types": "~8.3.0"
      }
    },
    "node_modules/cross-fetch": {
      "version": "3.2.0",
      "resolved": "https://registry.npmjs.org/cross-fetch/-/cross-fetch-3.2.0.tgz",
      "integrity": "sha512-Q+xVJLoGOeIMXZmbUK4HYk+69cQH6LudR0Vu/pRm2YlU/hDV9CiS0gKUMaWY5f2NeUH9C1nV3bsTlCo0FsTV1Q==",
      "license": "MIT",
      "dependencies": {
        "node-fetch": "^2.7.0"
      }
    },
    "node_modules/google-protobuf": {
      "version": "3.21.4",
      "resolved": "https://registry.npmjs.org/google-protobuf/-/google-protobuf-3.21.4.tgz",
      "integrity": "sha512-MnG7N936zcKTco4Jd2PX2U96Kf9PxygAPKBug+74LHzmHXmceN16MmRcdgZv+DGef/S9YvQAfRsNCn4cjf9yyQ==",
      "license": "(BSD-3-Clause AND Apache-2.0)"
    },
    "node_modules/koilib": {
      "version": "9.2.0",
      "resolved": "https://registry.npmjs.org/koilib/-/koilib-9.2.0.tgz",
      "integrity": "sha512-v+DvVVhQ3aeaqq0ET+Vl1jiap9F8wVjNo+JLtb1nephgmV8aLk0C+MGCLQ4SIds8XeYycWjvWjLNRsqwbTUjFA==",
      "dependencies": {
        "@noble/hashes": "^1.3.1",
        "@noble/secp256k1": "^1.7.1",
        "@roamin/koinos-pb-to-proto": "^0.0.3",
        "cross-fetch": "^3.1.5",
        "multibase": "^4.0.6",
        "protobufjs": "^7.4.0"
      }
    },
    "node_modules/long": {
      "version": "5.3.2",
      "resolved": "https://registry.npmjs.org/long/-/long-5.3.2.tgz",
      "integrity": "sha512-mNAgZ1GmyNhD7AuqnTG3/VQ26o760+ZYBPKjPvugO8+nLbYfX6TVpJPseBvopbdY+qpZ/lKUnmEc1LeZYS3QAA==",
      "license": "Apache-2.0"
    },
    "node_modules/multibase": {
      "version": "4.0.6",
      "resolved": "https://registry.npmjs.org/multibase/-/multibase-4.0.6.tgz",
      "integrity": "sha512-x23pDe5+svdLz/k5JPGCVdfn7Q5mZVMBETiC+ORfO+sor9Sgs0smJzAjfTbM5tckeCqnaUuMYoz+k3RXMmJClQ==",
      "deprecated": "This module has been superseded by the multiformats module",
      "license": "MIT",
      "dependencies": {
        "@multiformats/base-x": "^4.0.1"
      },
      "engines": {
        "node": ">=12.0.0",
        "npm": ">=6.0.0"
      }
    },
    "node_modules/node-fetch": {
      "version": "2.7.0",
      "resolved": "https://registry.npmjs.org/node-fetch/-/node-fetch-2.7.0.tgz",
      "integrity": "sha512-c4FRfUm/dbcWZ7U+1Wq0AwCyFL+3nt2bEw05wfxSz+DWpWsitgmSgYmy2dQdWyKC1694ELPqMs/YzUSNozLt8A==",
      "license": "MIT",
      "dependencies": {
        "whatwg-url": "^5.0.0"
      },
      "engines": {
        "node": "4.x || >=6.0.0"
      },
      "peerDependencies": {
        "encoding": "^0.1.0"
      },
      "peerDependenciesMeta": {
        "encoding": {
          "optional": true
        }
      }
    },
    "node_modules/protobufjs": {
      "version": "7.6.5",
      "resolved": "https://registry.npmjs.org/protobufjs/-/protobufjs-7.6.5.tgz",
      "integrity": "sha512-/FPD0nUc9jH6rfFjji9IBqOz4pcSE3CsT1m7Ep6Mdb0LxSUMj8hgl6GomOvZzpNpAqqGaXA0P3VSrZLFzIhQrw==",
      "hasInstallScript": true,
      "license": "BSD-3-Clause",
      "dependencies": {
        "@protobufjs/aspromise": "^1.1.2",
        "@protobufjs/base64": "^1.1.2",
        "@protobufjs/codegen": "^2.0.5",
        "@protobufjs/eventemitter": "^1.1.1",
        "@protobufjs/fetch": "^1.1.1",
        "@protobufjs/float": "^1.0.2",
        "@protobufjs/path": "^1.1.2",
        "@protobufjs/pool": "^1.1.0",
        "@protobufjs/utf8": "^1.1.1",
        "@types/node": ">=13.7.0",
        "long": "^5.3.2"
      },
      "engines": {
        "node": ">=12.0.0"
      }
    },
    "node_modules/tr46": {
      "version": "0.0.3",
      "resolved": "https://registry.npmjs.org/tr46/-/tr46-0.0.3.tgz",
      "integrity": "sha512-N3WMsuqV66lT30CrXNbEjx4GEwlow3v6rr4mCcv6prnfwhS01rkgyFdjPNBYd9br7LpXV1+Emh01fHnq2Gdgrw==",
      "license": "MIT"
    },
    "node_modules/undici-types": {
      "version": "8.3.0",
      "resolved": "https://registry.npmjs.org/undici-types/-/undici-types-8.3.0.tgz",
      "integrity": "sha512-j375ScV60dom+YkPFIfTLcOiPxkN/buHz5GobjLhixFuANaNs3C9l4GmrWqejgXWJ7BbJcFYpTEUkS1Ge8bpZQ==",
      "license": "MIT"
    },
    "node_modules/webidl-conversions": {
      "version": "3.0.1",
      "resolved": "https://registry.npmjs.org/webidl-conversions/-/webidl-conversions-3.0.1.tgz",
      "integrity": "sha512-2JAn3z8AR6rjK8Sm8orRC0h/bcl/DqL7tRPdGZ4I1CjdF+EaMLmYxBHyXuKL849eucPFhvBoxMsflfOb8kxaeQ==",
      "license": "BSD-2-Clause"
    },
    "node_modules/whatwg-url": {
      "version": "5.0.0",
      "resolved": "https://registry.npmjs.org/whatwg-url/-/whatwg-url-5.0.0.tgz",
      "integrity": "sha512-saE57nupxk6v3HY35+jzBwYa0rKSy0XR8JSxZPwgLr7ys0IBzhGviA1/TUGJLmSVqs8pb9AnvICXEuOHLprYTw==",
      "license": "MIT",
      "dependencies": {
        "tr46": "~0.0.3",
        "webidl-conversions": "^3.0.0"
      }
    }
  }
}
